// !$*UTF8*$!
{
	archiveVersion = 1;
	classes = {
	};
	objectVersion = 46;
	objects = {

/* Begin PBXBuildFile section */
		5924CA2B184BF72700E47DE9 /* Foundation.framework in Frameworks */ = {isa = PBXBuildFile; fileRef = 5924CA2A184BF72700E47DE9 /* Foundation.framework */; };
		5924CA2D184BF72700E47DE9 /* CoreGraphics.framework in Frameworks */ = {isa = PBXBuildFile; fileRef = 5924CA2C184BF72700E47DE9 /* CoreGraphics.framework */; };
		5924CA2F184BF72700E47DE9 /* UIKit.framework in Frameworks */ = {isa = PBXBuildFile; fileRef = 5924CA2E184BF72700E47DE9 /* UIKit.framework */; };
		5924CA35184BF72700E47DE9 /* InfoPlist.strings in Resources */ = {isa = PBXBuildFile; fileRef = 5924CA33184BF72700E47DE9 /* InfoPlist.strings */; };
		5924CA37184BF72700E47DE9 /* main.m in Sources */ = {isa = PBXBuildFile; fileRef = 5924CA36184BF72700E47DE9 /* main.m */; };
		5924CA3B184BF72700E47DE9 /* AppDelegate.m in Sources */ = {isa = PBXBuildFile; fileRef = 5924CA3A184BF72700E47DE9 /* AppDelegate.m */; };
		5924CA3E184BF72700E47DE9 /* Main.storyboard in Resources */ = {isa = PBXBuildFile; fileRef = 5924CA3C184BF72700E47DE9 /* Main.storyboard */; };
		5924CA41184BF72700E47DE9 /* ViewController.m in Sources */ = {isa = PBXBuildFile; fileRef = 5924CA40184BF72700E47DE9 /* ViewController.m */; };
		5924CA43184BF72700E47DE9 /* Images.xcassets in Resources */ = {isa = PBXBuildFile; fileRef = 5924CA42184BF72700E47DE9 /* Images.xcassets */; };
		5924CA4A184BF72700E47DE9 /* XCTest.framework in Frameworks */ = {isa = PBXBuildFile; fileRef = 5924CA49184BF72700E47DE9 /* XCTest.framework */; };
		5924CA4B184BF72700E47DE9 /* Foundation.framework in Frameworks */ = {isa = PBXBuildFile; fileRef = 5924CA2A184BF72700E47DE9 /* Foundation.framework */; };
		5924CA4C184BF72700E47DE9 /* UIKit.framework in Frameworks */ = {isa = PBXBuildFile; fileRef = 5924CA2E184BF72700E47DE9 /* UIKit.framework */; };
		5924CA54184BF72700E47DE9 /* InfoPlist.strings in Resources */ = {isa = PBXBuildFile; fileRef = 5924CA52184BF72700E47DE9 /* InfoPlist.strings */; };
		5924CA56184BF72700E47DE9 /* WebPayLiteTests.m in Sources */ = {isa = PBXBuildFile; fileRef = 5924CA55184BF72700E47DE9 /* WebPayLiteTests.m */; };
		5924CA61184BFCC300E47DE9 /* WebPayLite.m in Sources */ = {isa = PBXBuildFile; fileRef = 5924CA60184BFCC300E47DE9 /* WebPayLite.m */; };
/* End PBXBuildFile section */

/* Begin PBXContainerItemProxy section */
		5924CA4D184BF72700E47DE9 /* PBXContainerItemProxy */ = {
			isa = PBXContainerItemProxy;
			containerPortal = 5924CA1F184BF72700E47DE9 /* Project object */;
			proxyType = 1;
			remoteGlobalIDString = 5924CA26184BF72700E47DE9;
			remoteInfo = WebPayLite;
		};
/* End PBXContainerItemProxy section */

/* Begin PBXFileReference section */
		5924CA27184BF72700E47DE9 /* WebPayLite.app */ = {isa = PBXFileReference; explicitFileType = wrapper.application; includeInIndex = 0; path = WebPayLite.app; sourceTree = BUILT_PRODUCTS_DIR; };
		5924CA2A184BF72700E47DE9 /* Foundation.framework */ = {isa = PBXFileReference; lastKnownFileType = wrapper.framework; name = Foundation.framework; path = System/Library/Frameworks/Foundation.framework; sourceTree = SDKROOT; };
		5924CA2C184BF72700E47DE9 /* CoreGraphics.framework */ = {isa = PBXFileReference; lastKnownFileType = wrapper.framework; name = CoreGraphics.framework; path = System/Library/Frameworks/CoreGraphics.framework; sourceTree = SDKROOT; };
		5924CA2E184BF72700E47DE9 /* UIKit.framework */ = {isa = PBXFileReference; lastKnownFileType = wrapper.framework; name = UIKit.framework; path = System/Library/Frameworks/UIKit.framework; sourceTree = SDKROOT; };
		5924CA32184BF72700E47DE9 /* WebPayLite-Info.plist */ = {isa = PBXFileReference; lastKnownFileType = text.plist.xml; path = "WebPayLite-Info.plist"; sourceTree = "<group>"; };
		5924CA34184BF72700E47DE9 /* en */ = {isa = PBXFileReference; lastKnownFileType = text.plist.strings; name = en; path = en.lproj/InfoPlist.strings; sourceTree = "<group>"; };
		5924CA36184BF72700E47DE9 /* main.m */ = {isa = PBXFileReference; lastKnownFileType = sourcecode.c.objc; path = main.m; sourceTree = "<group>"; };
		5924CA38184BF72700E47DE9 /* WebPayLite-Prefix.pch */ = {isa = PBXFileReference; lastKnownFileType = sourcecode.c.h; path = "WebPayLite-Prefix.pch"; sourceTree = "<group>"; };
		5924CA39184BF72700E47DE9 /* AppDelegate.h */ = {isa = PBXFileReference; lastKnownFileType = sourcecode.c.h; path = AppDelegate.h; sourceTree = "<group>"; };
		5924CA3A184BF72700E47DE9 /* AppDelegate.m */ = {isa = PBXFileReference; lastKnownFileType = sourcecode.c.objc; path = AppDelegate.m; sourceTree = "<group>"; };
		5924CA3D184BF72700E47DE9 /* Base */ = {isa = PBXFileReference; lastKnownFileType = file.storyboard; name = Base; path = Base.lproj/Main.storyboard; sourceTree = "<group>"; };
		5924CA3F184BF72700E47DE9 /* ViewController.h */ = {isa = PBXFileReference; lastKnownFileType = sourcecode.c.h; path = ViewController.h; sourceTree = "<group>"; };
		5924CA40184BF72700E47DE9 /* ViewController.m */ = {isa = PBXFileReference; lastKnownFileType = sourcecode.c.objc; path = ViewController.m; sourceTree = "<group>"; };
		5924CA42184BF72700E47DE9 /* Images.xcassets */ = {isa = PBXFileReference; lastKnownFileType = folder.assetcatalog; path = Images.xcassets; sourceTree = "<group>"; };
		5924CA48184BF72700E47DE9 /* WebPayLiteTests.xctest */ = {isa = PBXFileReference; explicitFileType = wrapper.cfbundle; includeInIndex = 0; path = WebPayLiteTests.xctest; sourceTree = BUILT_PRODUCTS_DIR; };
		5924CA49184BF72700E47DE9 /* XCTest.framework */ = {isa = PBXFileReference; lastKnownFileType = wrapper.framework; name = XCTest.framework; path = Library/Frameworks/XCTest.framework; sourceTree = DEVELOPER_DIR; };
		5924CA51184BF72700E47DE9 /* WebPayLiteTests-Info.plist */ = {isa = PBXFileReference; lastKnownFileType = text.plist.xml; path = "WebPayLiteTests-Info.plist"; sourceTree = "<group>"; };
		5924CA53184BF72700E47DE9 /* en */ = {isa = PBXFileReference; lastKnownFileType = text.plist.strings; name = en; path = en.lproj/InfoPlist.strings; sourceTree = "<group>"; };
		5924CA55184BF72700E47DE9 /* WebPayLiteTests.m */ = {isa = PBXFileReference; lastKnownFileType = sourcecode.c.objc; path = WebPayLiteTests.m; sourceTree = "<group>"; };
		5924CA5F184BFCC300E47DE9 /* WebPayLite.h */ = {isa = PBXFileReference; fileEncoding = 4; lastKnownFileType = sourcecode.c.h; path = WebPayLite.h; sourceTree = "<group>"; };
		5924CA60184BFCC300E47DE9 /* WebPayLite.m */ = {isa = PBXFileReference; fileEncoding = 4; lastKnownFileType = sourcecode.c.objc; path = WebPayLite.m; sourceTree = "<group>"; };
/* End PBXFileReference section */

/* Begin PBXFrameworksBuildPhase section */
		5924CA24184BF72700E47DE9 /* Frameworks */ = {
			isa = PBXFrameworksBuildPhase;
			buildActionMask = 2147483647;
			files = (
				5924CA2D184BF72700E47DE9 /* CoreGraphics.framework in Frameworks */,
				5924CA2F184BF72700E47DE9 /* UIKit.framework in Frameworks */,
				5924CA2B184BF72700E47DE9 /* Foundation.framework in Frameworks */,
			);
			runOnlyForDeploymentPostprocessing = 0;
		};
		5924CA45184BF72700E47DE9 /* Frameworks */ = {
			isa = PBXFrameworksBuildPhase;
			buildActionMask = 2147483647;
			files = (
				5924CA4A184BF72700E47DE9 /* XCTest.framework in Frameworks */,
				5924CA4C184BF72700E47DE9 /* UIKit.framework in Frameworks */,
				5924CA4B184BF72700E47DE9 /* Foundation.framework in Frameworks */,
			);
			runOnlyForDeploymentPostprocessing = 0;
		};
/* End PBXFrameworksBuildPhase section */

/* Begin PBXGroup section */
		5924CA1E184BF72700E47DE9 = {
			isa = PBXGroup;
			children = (
				5924CA30184BF72700E47DE9 /* WebPayLite */,
				5924CA4F184BF72700E47DE9 /* WebPayLiteTests */,
				5924CA29184BF72700E47DE9 /* Frameworks */,
				5924CA28184BF72700E47DE9 /* Products */,
			);
			sourceTree = "<group>";
		};
		5924CA28184BF72700E47DE9 /* Products */ = {
			isa = PBXGroup;
			children = (
				5924CA27184BF72700E47DE9 /* WebPayLite.app */,
				5924CA48184BF72700E47DE9 /* WebPayLiteTests.xctest */,
			);
			name = Products;
			sourceTree = "<group>";
		};
		5924CA29184BF72700E47DE9 /* Frameworks */ = {
			isa = PBXGroup;
			children = (
				5924CA2A184BF72700E47DE9 /* Foundation.framework */,
				5924CA2C184BF72700E47DE9 /* CoreGraphics.framework */,
				5924CA2E184BF72700E47DE9 /* UIKit.framework */,
				5924CA49184BF72700E47DE9 /* XCTest.framework */,
			);
			name = Frameworks;
			sourceTree = "<group>";
		};
		5924CA30184BF72700E47DE9 /* WebPayLite */ = {
			isa = PBXGroup;
			children = (
				5924CA39184BF72700E47DE9 /* AppDelegate.h */,
				5924CA3A184BF72700E47DE9 /* AppDelegate.m */,
				5924CA3C184BF72700E47DE9 /* Main.storyboard */,
				5924CA3F184BF72700E47DE9 /* ViewController.h */,
				5924CA40184BF72700E47DE9 /* ViewController.m */,
				5924CA5F184BFCC300E47DE9 /* WebPayLite.h */,
				5924CA60184BFCC300E47DE9 /* WebPayLite.m */,
				5924CA42184BF72700E47DE9 /* Images.xcassets */,
				5924CA31184BF72700E47DE9 /* Supporting Files */,
			);
			path = WebPayLite;
			sourceTree = "<group>";
		};
		5924CA31184BF72700E47DE9 /* Supporting Files */ = {
			isa = PBXGroup;
			children = (
				5924CA32184BF72700E47DE9 /* WebPayLite-Info.plist */,
				5924CA33184BF72700E47DE9 /* InfoPlist.strings */,
				5924CA36184BF72700E47DE9 /* main.m */,
				5924CA38184BF72700E47DE9 /* WebPayLite-Prefix.pch */,
			);
			name = "Supporting Files";
			sourceTree = "<group>";
		};
		5924CA4F184BF72700E47DE9 /* WebPayLiteTests */ = {
			isa = PBXGroup;
			children = (
				5924CA55184BF72700E47DE9 /* WebPayLiteTests.m */,
				5924CA50184BF72700E47DE9 /* Supporting Files */,
			);
			path = WebPayLiteTests;
			sourceTree = "<group>";
		};
		5924CA50184BF72700E47DE9 /* Supporting Files */ = {
			isa = PBXGroup;
			children = (
				5924CA51184BF72700E47DE9 /* WebPayLiteTests-Info.plist */,
				5924CA52184BF72700E47DE9 /* InfoPlist.strings */,
			);
			name = "Supporting Files";
			sourceTree = "<group>";
		};
/* End PBXGroup section */

/* Begin PBXNativeTarget section */
		5924CA26184BF72700E47DE9 /* WebPayLite */ = {
			isa = PBXNativeTarget;
			buildConfigurationList = 5924CA59184BF72700E47DE9 /* Build configuration list for PBXNativeTarget "WebPayLite" */;
			buildPhases = (
				5924CA23184BF72700E47DE9 /* Sources */,
				5924CA24184BF72700E47DE9 /* Frameworks */,
				5924CA25184BF72700E47DE9 /* Resources */,
			);
			buildRules = (
			);
			dependencies = (
			);
			name = WebPayLite;
			productName = WebPayLite;
			productReference = 5924CA27184BF72700E47DE9 /* WebPayLite.app */;
			productType = "com.apple.product-type.application";
		};
		5924CA47184BF72700E47DE9 /* WebPayLiteTests */ = {
			isa = PBXNativeTarget;
			buildConfigurationList = 5924CA5C184BF72700E47DE9 /* Build configuration list for PBXNativeTarget "WebPayLiteTests" */;
			buildPhases = (
				5924CA44184BF72700E47DE9 /* Sources */,
				5924CA45184BF72700E47DE9 /* Frameworks */,
				5924CA46184BF72700E47DE9 /* Resources */,
			);
			buildRules = (
			);
			dependencies = (
				5924CA4E184BF72700E47DE9 /* PBXTargetDependency */,
			);
			name = WebPayLiteTests;
			productName = WebPayLiteTests;
			productReference = 5924CA48184BF72700E47DE9 /* WebPayLiteTests.xctest */;
			productType = "com.apple.product-type.bundle.unit-test";
		};
/* End PBXNativeTarget section */

/* Begin PBXProject section */
		5924CA1F184BF72700E47DE9 /* Project object */ = {
			isa = PBXProject;
			attributes = {
				LastUpgradeCheck = 0500;
				ORGANIZATIONNAME = OpenSwipe;
				TargetAttributes = {
					5924CA47184BF72700E47DE9 = {
						TestTargetID = 5924CA26184BF72700E47DE9;
					};
				};
			};
			buildConfigurationList = 5924CA22184BF72700E47DE9 /* Build configuration list for PBXProject "WebPayLite" */;
			compatibilityVersion = "Xcode 3.2";
			developmentRegion = English;
			hasScannedForEncodings = 0;
			knownRegions = (
				en,
				Base,
			);
			mainGroup = 5924CA1E184BF72700E47DE9;
			productRefGroup = 5924CA28184BF72700E47DE9 /* Products */;
			projectDirPath = "";
			projectRoot = "";
			targets = (
				5924CA26184BF72700E47DE9 /* WebPayLite */,
				5924CA47184BF72700E47DE9 /* WebPayLiteTests */,
			);
		};
/* End PBXProject section */

/* Begin PBXResourcesBuildPhase section */
		5924CA25184BF72700E47DE9 /* Resources */ = {
			isa = PBXResourcesBuildPhase;
			buildActionMask = 2147483647;
			files = (
				5924CA43184BF72700E47DE9 /* Images.xcassets in Resources */,
				5924CA35184BF72700E47DE9 /* InfoPlist.strings in Resources */,
				5924CA3E184BF72700E47DE9 /* Main.storyboard in Resources */,
			);
			runOnlyForDeploymentPostprocessing = 0;
		};
		5924CA46184BF72700E47DE9 /* Resources */ = {
			isa = PBXResourcesBuildPhase;
			buildActionMask = 2147483647;
			files = (
				5924CA54184BF72700E47DE9 /* InfoPlist.strings in Resources */,
			);
			runOnlyForDeploymentPostprocessing = 0;
		};
/* End PBXResourcesBuildPhase section */

/* Begin PBXSourcesBuildPhase section */
		5924CA23184BF72700E47DE9 /* Sources */ = {
			isa = PBXSourcesBuildPhase;
			buildActionMask = 2147483647;
			files = (
				5924CA41184BF72700E47DE9 /* ViewController.m in Sources */,
				5924CA61184BFCC300E47DE9 /* WebPayLite.m in Sources */,
				5924CA3B184BF72700E47DE9 /* AppDelegate.m in Sources */,
				5924CA37184BF72700E47DE9 /* main.m in Sources */,
			);
			runOnlyForDeploymentPostprocessing = 0;
		};
		5924CA44184BF72700E47DE9 /* Sources */ = {
			isa = PBXSourcesBuildPhase;
			buildActionMask = 2147483647;
			files = (
				5924CA56184BF72700E47DE9 /* WebPayLiteTests.m in Sources */,
			);
			runOnlyForDeploymentPostprocessing = 0;
		};
/* End PBXSourcesBuildPhase section */

/* Begin PBXTargetDependency section */
		5924CA4E184BF72700E47DE9 /* PBXTargetDependency */ = {
			isa = PBXTargetDependency;
			target = 5924CA26184BF72700E47DE9 /* WebPayLite */;
			targetProxy = 5924CA4D184BF72700E47DE9 /* PBXContainerItemProxy */;
		};
/* End PBXTargetDependency section */

/* Begin PBXVariantGroup section */
		5924CA33184BF72700E47DE9 /* InfoPlist.strings */ = {
			isa = PBXVariantGroup;
			children = (
				5924CA34184BF72700E47DE9 /* en */,
			);
			name = InfoPlist.strings;
			sourceTree = "<group>";
		};
		5924CA3C184BF72700E47DE9 /* Main.storyboard */ = {
			isa = PBXVariantGroup;
			children = (
				5924CA3D184BF72700E47DE9 /* Base */,
			);
			name = Main.storyboard;
			sourceTree = "<group>";
		};
		5924CA52184BF72700E47DE9 /* InfoPlist.strings */ = {
			isa = PBXVariantGroup;
			children = (
				5924CA53184BF72700E47DE9 /* en */,
			);
			name = InfoPlist.strings;
			sourceTree = "<group>";
		};
/* End PBXVariantGroup section */

/* Begin XCBuildConfiguration section */
		5924CA57184BF72700E47DE9 /* Debug */ = {
			isa = XCBuildConfiguration;
			buildSettings = {
				ALWAYS_SEARCH_USER_PATHS = NO;
				ARCHS = "$(ARCHS_STANDARD_INCLUDING_64_BIT)";
				CLANG_CXX_LANGUAGE_STANDARD = "gnu++0x";
				CLANG_CXX_LIBRARY = "libc++";
				CLANG_ENABLE_MODULES = YES;
				CLANG_ENABLE_OBJC_ARC = YES;
				CLANG_WARN_BOOL_CONVERSION = YES;
				CLANG_WARN_CONSTANT_CONVERSION = YES;
				CLANG_WARN_DIRECT_OBJC_ISA_USAGE = YES_ERROR;
				CLANG_WARN_EMPTY_BODY = YES;
				CLANG_WARN_ENUM_CONVERSION = YES;
				CLANG_WARN_INT_CONVERSION = YES;
				CLANG_WARN_OBJC_ROOT_CLASS = YES_ERROR;
				CLANG_WARN__DUPLICATE_METHOD_MATCH = YES;
				"CODE_SIGN_IDENTITY[sdk=iphoneos*]" = "iPhone Developer";
				COPY_PHASE_STRIP = NO;
				GCC_C_LANGUAGE_STANDARD = gnu99;
				GCC_DYNAMIC_NO_PIC = NO;
				GCC_OPTIMIZATION_LEVEL = 0;
				GCC_PREPROCESSOR_DEFINITIONS = (
					"DEBUG=1",
					"$(inherited)",
				);
				GCC_SYMBOLS_PRIVATE_EXTERN = NO;
				GCC_WARN_64_TO_32_BIT_CONVERSION = YES;
				GCC_WARN_ABOUT_RETURN_TYPE = YES_ERROR;
				GCC_WARN_UNDECLARED_SELECTOR = YES;
				GCC_WARN_UNINITIALIZED_AUTOS = YES;
				GCC_WARN_UNUSED_FUNCTION = YES;
				GCC_WARN_UNUSED_VARIABLE = YES;
				IPHONEOS_DEPLOYMENT_TARGET = 7.0;
				ONLY_ACTIVE_ARCH = YES;
				SDKROOT = iphoneos;
			};
			name = Debug;
		};
		5924CA58184BF72700E47DE9 /* Release */ = {
			isa = XCBuildConfiguration;
			buildSettings = {
				ALWAYS_SEARCH_USER_PATHS = NO;
				ARCHS = "$(ARCHS_STANDARD_INCLUDING_64_BIT)";
				CLANG_CXX_LANGUAGE_STANDARD = "gnu++0x";
				CLANG_CXX_LIBRARY = "libc++";
				CLANG_ENABLE_MODULES = YES;
				CLANG_ENABLE_OBJC_ARC = YES;
				CLANG_WARN_BOOL_CONVERSION = YES;
				CLANG_WARN_CONSTANT_CONVERSION = YES;
				CLANG_WARN_DIRECT_OBJC_ISA_USAGE = YES_ERROR;
				CLANG_WARN_EMPTY_BODY = YES;
				CLANG_WARN_ENUM_CONVERSION = YES;
				CLANG_WARN_INT_CONVERSION = YES;
				CLANG_WARN_OBJC_ROOT_CLASS = YES_ERROR;
				CLANG_WARN__DUPLICATE_METHOD_MATCH = YES;
				"CODE_SIGN_IDENTITY[sdk=iphoneos*]" = "iPhone Developer";
				COPY_PHASE_STRIP = YES;
				ENABLE_NS_ASSERTIONS = NO;
				GCC_C_LANGUAGE_STANDARD = gnu99;
				GCC_WARN_64_TO_32_BIT_CONVERSION = YES;
				GCC_WARN_ABOUT_RETURN_TYPE = YES_ERROR;
				GCC_WARN_UNDECLARED_SELECTOR = YES;
				GCC_WARN_UNINITIALIZED_AUTOS = YES;
				GCC_WARN_UNUSED_FUNCTION = YES;
				GCC_WARN_UNUSED_VARIABLE = YES;
				IPHONEOS_DEPLOYMENT_TARGET = 7.0;
				SDKROOT = iphoneos;
				VALIDATE_PRODUCT = YES;
			};
			name = Release;
		};
		5924CA5A184BF72700E47DE9 /* Debug */ = {
			isa = XCBuildConfiguration;
			buildSettings = {
				ASSETCATALOG_COMPILER_APPICON_NAME = AppIcon;
				ASSETCATALOG_COMPILER_LAUNCHIMAGE_NAME = LaunchImage;
				GCC_PRECOMPILE_PREFIX_HEADER = YES;
				GCC_PREFIX_HEADER = "WebPayLite/WebPayLite-Prefix.pch";
				INFOPLIST_FILE = "WebPayLite/WebPayLite-Info.plist";
				PRODUCT_NAME = "$(TARGET_NAME)";
				WRAPPER_EXTENSION = app;
			};
			name = Debug;
		};
		5924CA5B184BF72700E47DE9 /* Release */ = {
			isa = XCBuildConfiguration;
			buildSettings = {
				ASSETCATALOG_COMPILER_APPICON_NAME = AppIcon;
				ASSETCATALOG_COMPILER_LAUNCHIMAGE_NAME = LaunchImage;
				GCC_PRECOMPILE_PREFIX_HEADER = YES;
				GCC_PREFIX_HEADER = "WebPayLite/WebPayLite-Prefix.pch";
				INFOPLIST_FILE = "WebPayLite/WebPayLite-Info.plist";
				PRODUCT_NAME = "$(TARGET_NAME)";
				WRAPPER_EXTENSION = app;
			};
			name = Release;
		};
		5924CA5D184BF72700E47DE9 /* Debug */ = {
			isa = XCBuildConfiguration;
			buildSettings = {
				ARCHS = "$(ARCHS_STANDARD_INCLUDING_64_BIT)";
				BUNDLE_LOADER = "$(BUILT_PRODUCTS_DIR)/WebPayLite.app/WebPayLite";
				FRAMEWORK_SEARCH_PATHS = (
					"$(SDKROOT)/Developer/Library/Frameworks",
					"$(inherited)",
					"$(DEVELOPER_FRAMEWORKS_DIR)",
				);
				GCC_PRECOMPILE_PREFIX_HEADER = YES;
				GCC_PREFIX_HEADER = "WebPayLite/WebPayLite-Prefix.pch";
				GCC_PREPROCESSOR_DEFINITIONS = (
					"DEBUG=1",
					"$(inherited)",
				);
				INFOPLIST_FILE = "WebPayLiteTests/WebPayLiteTests-Info.plist";
				PRODUCT_NAME = "$(TARGET_NAME)";
				TEST_HOST = "$(BUNDLE_LOADER)";
				WRAPPER_EXTENSION = xctest;
			};
			name = Debug;
		};
		5924CA5E184BF72700E47DE9 /* Release */ = {
			isa = XCBuildConfiguration;
			buildSettings = {
				ARCHS = "$(ARCHS_STANDARD_INCLUDING_64_BIT)";
				BUNDLE_LOADER = "$(BUILT_PRODUCTS_DIR)/WebPayLite.app/WebPayLite";
				FRAMEWORK_SEARCH_PATHS = (
					"$(SDKROOT)/Developer/Library/Frameworks",
					"$(inherited)",
					"$(DEVELOPER_FRAMEWORKS_DIR)",
				);
				GCC_PRECOMPILE_PREFIX_HEADER = YES;
				GCC_PREFIX_HEADER = "WebPayLite/WebPayLite-Prefix.pch";
				INFOPLIST_FILE = "WebPayLiteTests/WebPayLiteTests-Info.plist";
				PRODUCT_NAME = "$(TARGET_NAME)";
				TEST_HOST = "$(BUNDLE_LOADER)";
				WRAPPER_EXTENSION = xctest;
			};
			name = Release;
		};
/* End XCBuildConfiguration section */

/* Begin XCConfigurationList section */
		5924CA22184BF72700E47DE9 /* Build configuration list for PBXProject "WebPayLite" */ = {
			isa = XCConfigurationList;
			buildConfigurations = (
				5924CA57184BF72700E47DE9 /* Debug */,
				5924CA58184BF72700E47DE9 /* Release */,
			);
			defaultConfigurationIsVisible = 0;
			defaultConfigurationName = Release;
		};
		5924CA59184BF72700E47DE9 /* Build configuration list for PBXNativeTarget "WebPayLite" */ = {
			isa = XCConfigurationList;
			buildConfigurations = (
				5924CA5A184BF72700E47DE9 /* Debug */,
				5924CA5B184BF72700E47DE9 /* Release */,
			);
			defaultConfigurationIsVisible = 0;
		};
		5924CA5C184BF72700E47DE9 /* Build configuration list for PBXNativeTarget "WebPayLiteTests" */ = {
			isa = XCConfigurationList;
			buildConfigurations = (
				5924CA5D184BF72700E47DE9 /* Debug */,
				5924CA5E184BF72700E47DE9 /* Release */,
			);
			defaultConfigurationIsVisible = 0;
		};
/* End XCConfigurationList section */
	};
	rootObject = 5924CA1F184BF72700E47DE9 /* Project object */;
}
